# This file is generated by running "yarn install" inside your project.
# Manual changes might be lost - proceed with caution!

__metadata:
  version: 8
  cacheKey: 10c0

"@esbuild/aix-ppc64@npm:0.23.0":
  version: 0.23.0
  resolution: "@esbuild/aix-ppc64@npm:0.23.0"
  conditions: os=aix & cpu=ppc64
  languageName: node
  linkType: hard

"@esbuild/android-arm64@npm:0.23.0":
  version: 0.23.0
  resolution: "@esbuild/android-arm64@npm:0.23.0"
  conditions: os=android & cpu=arm64
  languageName: node
  linkType: hard

"@esbuild/android-arm@npm:0.23.0":
  version: 0.23.0
  resolution: "@esbuild/android-arm@npm:0.23.0"
  conditions: os=android & cpu=arm
  languageName: node
  linkType: hard

"@esbuild/android-x64@npm:0.23.0":
  version: 0.23.0
  resolution: "@esbuild/android-x64@npm:0.23.0"
  conditions: os=android & cpu=x64
  languageName: node
  linkType: hard

"@esbuild/darwin-arm64@npm:0.23.0":
  version: 0.23.0
  resolution: "@esbuild/darwin-arm64@npm:0.23.0"
  conditions: os=darwin & cpu=arm64
  languageName: node
  linkType: hard

"@esbuild/darwin-x64@npm:0.23.0":
  version: 0.23.0
  resolution: "@esbuild/darwin-x64@npm:0.23.0"
  conditions: os=darwin & cpu=x64
  languageName: node
  linkType: hard

"@esbuild/freebsd-arm64@npm:0.23.0":
  version: 0.23.0
  resolution: "@esbuild/freebsd-arm64@npm:0.23.0"
  conditions: os=freebsd & cpu=arm64
  languageName: node
  linkType: hard

"@esbuild/freebsd-x64@npm:0.23.0":
  version: 0.23.0
  resolution: "@esbuild/freebsd-x64@npm:0.23.0"
  conditions: os=freebsd & cpu=x64
  languageName: node
  linkType: hard

"@esbuild/linux-arm64@npm:0.23.0":
  version: 0.23.0
  resolution: "@esbuild/linux-arm64@npm:0.23.0"
  conditions: os=linux & cpu=arm64
  languageName: node
  linkType: hard

"@esbuild/linux-arm@npm:0.23.0":
  version: 0.23.0
  resolution: "@esbuild/linux-arm@npm:0.23.0"
  conditions: os=linux & cpu=arm
  languageName: node
  linkType: hard

"@esbuild/linux-ia32@npm:0.23.0":
  version: 0.23.0
  resolution: "@esbuild/linux-ia32@npm:0.23.0"
  conditions: os=linux & cpu=ia32
  languageName: node
  linkType: hard

"@esbuild/linux-loong64@npm:0.23.0":
  version: 0.23.0
  resolution: "@esbuild/linux-loong64@npm:0.23.0"
  conditions: os=linux & cpu=loong64
  languageName: node
  linkType: hard

"@esbuild/linux-mips64el@npm:0.23.0":
  version: 0.23.0
  resolution: "@esbuild/linux-mips64el@npm:0.23.0"
  conditions: os=linux & cpu=mips64el
  languageName: node
  linkType: hard

"@esbuild/linux-ppc64@npm:0.23.0":
  version: 0.23.0
  resolution: "@esbuild/linux-ppc64@npm:0.23.0"
  conditions: os=linux & cpu=ppc64
  languageName: node
  linkType: hard

"@esbuild/linux-riscv64@npm:0.23.0":
  version: 0.23.0
  resolution: "@esbuild/linux-riscv64@npm:0.23.0"
  conditions: os=linux & cpu=riscv64
  languageName: node
  linkType: hard

"@esbuild/linux-s390x@npm:0.23.0":
  version: 0.23.0
  resolution: "@esbuild/linux-s390x@npm:0.23.0"
  conditions: os=linux & cpu=s390x
  languageName: node
  linkType: hard

"@esbuild/linux-x64@npm:0.23.0":
  version: 0.23.0
  resolution: "@esbuild/linux-x64@npm:0.23.0"
  conditions: os=linux & cpu=x64
  languageName: node
  linkType: hard

"@esbuild/netbsd-x64@npm:0.23.0":
  version: 0.23.0
  resolution: "@esbuild/netbsd-x64@npm:0.23.0"
  conditions: os=netbsd & cpu=x64
  languageName: node
  linkType: hard

"@esbuild/openbsd-arm64@npm:0.23.0":
  version: 0.23.0
  resolution: "@esbuild/openbsd-arm64@npm:0.23.0"
  conditions: os=openbsd & cpu=arm64
  languageName: node
  linkType: hard

"@esbuild/openbsd-x64@npm:0.23.0":
  version: 0.23.0
  resolution: "@esbuild/openbsd-x64@npm:0.23.0"
  conditions: os=openbsd & cpu=x64
  languageName: node
  linkType: hard

"@esbuild/sunos-x64@npm:0.23.0":
  version: 0.23.0
  resolution: "@esbuild/sunos-x64@npm:0.23.0"
  conditions: os=sunos & cpu=x64
  languageName: node
  linkType: hard

"@esbuild/win32-arm64@npm:0.23.0":
  version: 0.23.0
  resolution: "@esbuild/win32-arm64@npm:0.23.0"
  conditions: os=win32 & cpu=arm64
  languageName: node
  linkType: hard

"@esbuild/win32-ia32@npm:0.23.0":
  version: 0.23.0
  resolution: "@esbuild/win32-ia32@npm:0.23.0"
  conditions: os=win32 & cpu=ia32
  languageName: node
  linkType: hard

"@esbuild/win32-x64@npm:0.23.0":
  version: 0.23.0
  resolution: "@esbuild/win32-x64@npm:0.23.0"
  conditions: os=win32 & cpu=x64
  languageName: node
  linkType: hard

"capsium@workspace:.":
  version: 0.0.0-use.local
  resolution: "capsium@workspace:."
  dependencies:
    typescript: "npm:^5.5.4"
    typescript-language-server: "npm:~3.3.2"
  languageName: unknown
  linkType: soft

"esbuild@npm:^0.23.0":
  version: 0.23.0
  resolution: "esbuild@npm:0.23.0"
  dependencies:
    "@esbuild/aix-ppc64": "npm:0.23.0"
    "@esbuild/android-arm": "npm:0.23.0"
    "@esbuild/android-arm64": "npm:0.23.0"
    "@esbuild/android-x64": "npm:0.23.0"
    "@esbuild/darwin-arm64": "npm:0.23.0"
    "@esbuild/darwin-x64": "npm:0.23.0"
    "@esbuild/freebsd-arm64": "npm:0.23.0"
    "@esbuild/freebsd-x64": "npm:0.23.0"
    "@esbuild/linux-arm": "npm:0.23.0"
    "@esbuild/linux-arm64": "npm:0.23.0"
    "@esbuild/linux-ia32": "npm:0.23.0"
    "@esbuild/linux-loong64": "npm:0.23.0"
    "@esbuild/linux-mips64el": "npm:0.23.0"
    "@esbuild/linux-ppc64": "npm:0.23.0"
    "@esbuild/linux-riscv64": "npm:0.23.0"
    "@esbuild/linux-s390x": "npm:0.23.0"
    "@esbuild/linux-x64": "npm:0.23.0"
    "@esbuild/netbsd-x64": "npm:0.23.0"
    "@esbuild/openbsd-arm64": "npm:0.23.0"
    "@esbuild/openbsd-x64": "npm:0.23.0"
    "@esbuild/sunos-x64": "npm:0.23.0"
    "@esbuild/win32-arm64": "npm:0.23.0"
    "@esbuild/win32-ia32": "npm:0.23.0"
    "@esbuild/win32-x64": "npm:0.23.0"
  dependenciesMeta:
    "@esbuild/aix-ppc64":
      optional: true
    "@esbuild/android-arm":
      optional: true
    "@esbuild/android-arm64":
      optional: true
    "@esbuild/android-x64":
      optional: true
    "@esbuild/darwin-arm64":
      optional: true
    "@esbuild/darwin-x64":
      optional: true
    "@esbuild/freebsd-arm64":
      optional: true
    "@esbuild/freebsd-x64":
      optional: true
    "@esbuild/linux-arm":
      optional: true
    "@esbuild/linux-arm64":
      optional: true
    "@esbuild/linux-ia32":
      optional: true
    "@esbuild/linux-loong64":
      optional: true
    "@esbuild/linux-mips64el":
      optional: true
    "@esbuild/linux-ppc64":
      optional: true
    "@esbuild/linux-riscv64":
      optional: true
    "@esbuild/linux-s390x":
      optional: true
    "@esbuild/linux-x64":
      optional: true
    "@esbuild/netbsd-x64":
      optional: true
    "@esbuild/openbsd-arm64":
      optional: true
    "@esbuild/openbsd-x64":
      optional: true
    "@esbuild/sunos-x64":
      optional: true
    "@esbuild/win32-arm64":
      optional: true
    "@esbuild/win32-ia32":
      optional: true
    "@esbuild/win32-x64":
      optional: true
  bin:
    esbuild: bin/esbuild
  checksum: 10c0/08c148c067795165798c0467ce02d2d1ecedc096989bded5f0d795c61a1fcbec6c14d0a3c9f4ad6185cc29ec52087acaa335ed6d98be6ad57f7fa4264626bde0
  languageName: node
  linkType: hard

"swsws@workspace:packages/swsws":
  version: 0.0.0-use.local
  resolution: "swsws@workspace:packages/swsws"
  dependencies:
    esbuild: "npm:^0.23.0"
    typescript: "npm:^5.5.4"
  languageName: unknown
  linkType: soft

"typescript-language-server@npm:~3.3.2":
  version: 3.3.2
  resolution: "typescript-language-server@npm:3.3.2"
  bin:
    typescript-language-server: lib/cli.mjs
  checksum: 10c0/4eea63d057cc46b6fbbbb44e70743c85b72d65ede645e4c3d48b9fc8bba0a566306a6a5d2734e63b96d9d61fb77613ce39f85e95f2e65fb5c6995f730d9d3b72
  languageName: node
  linkType: hard

"typescript@npm:^5.5.4":
  version: 5.5.4
  resolution: "typescript@npm:5.5.4"
  bin:
    tsc: bin/tsc
    tsserver: bin/tsserver
  checksum: 10c0/422be60f89e661eab29ac488c974b6cc0a660fb2228003b297c3d10c32c90f3bcffc1009b43876a082515a3c376b1eefcce823d6e78982e6878408b9a923199c
  languageName: node
  linkType: hard

"typescript@patch:typescript@npm%3A^5.5.4#optional!builtin<compat/typescript>":
  version: 5.5.4
  resolution: "typescript@patch:typescript@npm%3A5.5.4#optional!builtin<compat/typescript>::version=5.5.4&hash=379a07"
  bin:
    tsc: bin/tsc
    tsserver: bin/tsserver
  checksum: 10c0/73409d7b9196a5a1217b3aaad929bf76294d3ce7d6e9766dd880ece296ee91cf7d7db6b16c6c6c630ee5096eccde726c0ef17c7dfa52b01a243e57ae1f09ef07
  languageName: node
  linkType: hard

"vscode-jsonrpc@npm:8.2.0":
  version: 8.2.0
  resolution: "vscode-jsonrpc@npm:8.2.0"
  checksum: 10c0/0789c227057a844f5ead55c84679206227a639b9fb76e881185053abc4e9848aa487245966cc2393fcb342c4541241b015a1a2559fddd20ac1e68945c95344e6
  languageName: node
  linkType: hard

"vscode-jsonrpc@npm:^5.0.1":
  version: 5.0.1
  resolution: "vscode-jsonrpc@npm:5.0.1"
  checksum: 10c0/365dc54648247f0eb31ffdeb45b67c17f2cfac6cf55810b52376bad0becc7ee029dbe722e8d94fc779217e012466e8f7c7360749667946ff4e1156731abe1941
  languageName: node
  linkType: hard

"vscode-languageserver-protocol@npm:^3.15.0":
  version: 3.17.5
  resolution: "vscode-languageserver-protocol@npm:3.17.5"
  dependencies:
    vscode-jsonrpc: "npm:8.2.0"
    vscode-languageserver-types: "npm:3.17.5"
  checksum: 10c0/5f38fd80da9868d706eaa4a025f4aff9c3faad34646bcde1426f915cbd8d7e8b6c3755ce3fef6eebd256ba3145426af1085305f8a76e34276d2e95aaf339a90b
  languageName: node
  linkType: hard

"vscode-languageserver-types@npm:3.17.5":
  version: 3.17.5
  resolution: "vscode-languageserver-types@npm:3.17.5"
  checksum: 10c0/1e1260de79a2cc8de3e46f2e0182cdc94a7eddab487db5a3bd4ee716f67728e685852707d72c059721ce500447be9a46764a04f0611e94e4321ffa088eef36f8
  languageName: node
  linkType: hard
